// !$*UTF8*$!
{
	archiveVersion = 1;
	classes = {
	};
	objectVersion = 52;
	objects = {

/* Begin PBXBuildFile section */
		F72E160D2478105D00678FBE /* NCCommunication+E2EE.swift in Sources */ = {isa = PBXBuildFile; fileRef = F72E160C2478105D00678FBE /* NCCommunication+E2EE.swift */; };
		F73B422E24767E0B00A30FD3 /* NCCommunication+Comments.swift in Sources */ = {isa = PBXBuildFile; fileRef = F73B422D24767E0B00A30FD3 /* NCCommunication+Comments.swift */; };
		F74AA2542464034500DD13B1 /* NCCommunication+NCText.swift in Sources */ = {isa = PBXBuildFile; fileRef = F74AA2532464034500DD13B1 /* NCCommunication+NCText.swift */; };
		F74AA256246404CD00DD13B1 /* NCCommunication+Login.swift in Sources */ = {isa = PBXBuildFile; fileRef = F74AA255246404CD00DD13B1 /* NCCommunication+Login.swift */; };
		F74AA258246405B200DD13B1 /* NCCommunication+API.swift in Sources */ = {isa = PBXBuildFile; fileRef = F74AA257246405B200DD13B1 /* NCCommunication+API.swift */; };
		F74D5C34235DE83B0006DA38 /* NCCommunication.framework in Frameworks */ = {isa = PBXBuildFile; fileRef = F74D5C2A235DE83B0006DA38 /* NCCommunication.framework */; };
		F74D5C39235DE83B0006DA38 /* NCCommunicationTests.swift in Sources */ = {isa = PBXBuildFile; fileRef = F74D5C38235DE83B0006DA38 /* NCCommunicationTests.swift */; };
		F74D5C3B235DE83B0006DA38 /* NCCommunication.h in Headers */ = {isa = PBXBuildFile; fileRef = F74D5C2D235DE83B0006DA38 /* NCCommunication.h */; settings = {ATTRIBUTES = (Public, ); }; };
		F74D5C48235DE8F80006DA38 /* NCCommunication.swift in Sources */ = {isa = PBXBuildFile; fileRef = F74D5C44235DE8F80006DA38 /* NCCommunication.swift */; };
		F74D5C49235DE8F80006DA38 /* NCCommunicationModel.swift in Sources */ = {isa = PBXBuildFile; fileRef = F74D5C45235DE8F80006DA38 /* NCCommunicationModel.swift */; };
		F74D5C4B235DE8F80006DA38 /* NCCommunicationCommon.swift in Sources */ = {isa = PBXBuildFile; fileRef = F74D5C47235DE8F80006DA38 /* NCCommunicationCommon.swift */; };
		F754C06E24977C8C00051563 /* NCCommunication+Share.swift in Sources */ = {isa = PBXBuildFile; fileRef = F754C06D24977C8C00051563 /* NCCommunication+Share.swift */; };
		F76138EA246415BC002C8771 /* NCCommunication+WebDAV.swift in Sources */ = {isa = PBXBuildFile; fileRef = F76138E9246415BC002C8771 /* NCCommunication+WebDAV.swift */; };
		F79F7E672533056E0073ADD8 /* Alamofire in Frameworks */ = {isa = PBXBuildFile; productRef = F79F7E662533056E0073ADD8 /* Alamofire */; };
		F79F7E6C253305A60073ADD8 /* SwiftyJSON in Frameworks */ = {isa = PBXBuildFile; productRef = F79F7E6B253305A60073ADD8 /* SwiftyJSON */; };
		F79F7E71253305D90073ADD8 /* SwiftyXMLParser in Frameworks */ = {isa = PBXBuildFile; productRef = F79F7E70253305D90073ADD8 /* SwiftyXMLParser */; };
		F7BBE0002472F42200C3B0E2 /* NCCommunication+Richdocuments.swift in Sources */ = {isa = PBXBuildFile; fileRef = F7BBDFFF2472F42200C3B0E2 /* NCCommunication+Richdocuments.swift */; };
		F7D0A5382477C37C002F2164 /* NCCommunication+PushNotification.swift in Sources */ = {isa = PBXBuildFile; fileRef = F7D0A5372477C37C002F2164 /* NCCommunication+PushNotification.swift */; };
		F7EC2DDD2372FBC0008E28EF /* NCCommunicationBackground.swift in Sources */ = {isa = PBXBuildFile; fileRef = F7EC2DDC2372FBC0008E28EF /* NCCommunicationBackground.swift */; };
		F7FE196E23757BEB001465E3 /* NCCommunicationError.swift in Sources */ = {isa = PBXBuildFile; fileRef = F7FE196D23757BEB001465E3 /* NCCommunicationError.swift */; };
/* End PBXBuildFile section */

/* Begin PBXContainerItemProxy section */
		F74D5C35235DE83B0006DA38 /* PBXContainerItemProxy */ = {
			isa = PBXContainerItemProxy;
			containerPortal = F74D5C21235DE83B0006DA38 /* Project object */;
			proxyType = 1;
			remoteGlobalIDString = F74D5C29235DE83B0006DA38;
			remoteInfo = NCCommunication;
		};
/* End PBXContainerItemProxy section */

/* Begin PBXFileReference section */
		F72E160C2478105D00678FBE /* NCCommunication+E2EE.swift */ = {isa = PBXFileReference; lastKnownFileType = sourcecode.swift; path = "NCCommunication+E2EE.swift"; sourceTree = "<group>"; };
		F73B422D24767E0B00A30FD3 /* NCCommunication+Comments.swift */ = {isa = PBXFileReference; lastKnownFileType = sourcecode.swift; path = "NCCommunication+Comments.swift"; sourceTree = "<group>"; };
		F74AA2532464034500DD13B1 /* NCCommunication+NCText.swift */ = {isa = PBXFileReference; lastKnownFileType = sourcecode.swift; path = "NCCommunication+NCText.swift"; sourceTree = "<group>"; };
		F74AA255246404CD00DD13B1 /* NCCommunication+Login.swift */ = {isa = PBXFileReference; lastKnownFileType = sourcecode.swift; path = "NCCommunication+Login.swift"; sourceTree = "<group>"; };
		F74AA257246405B200DD13B1 /* NCCommunication+API.swift */ = {isa = PBXFileReference; lastKnownFileType = sourcecode.swift; path = "NCCommunication+API.swift"; sourceTree = "<group>"; };
		F74D5C2A235DE83B0006DA38 /* NCCommunication.framework */ = {isa = PBXFileReference; explicitFileType = wrapper.framework; includeInIndex = 0; path = NCCommunication.framework; sourceTree = BUILT_PRODUCTS_DIR; };
		F74D5C2D235DE83B0006DA38 /* NCCommunication.h */ = {isa = PBXFileReference; lastKnownFileType = sourcecode.c.h; path = NCCommunication.h; sourceTree = "<group>"; };
		F74D5C33235DE83B0006DA38 /* NCCommunicationTests.xctest */ = {isa = PBXFileReference; explicitFileType = wrapper.cfbundle; includeInIndex = 0; path = NCCommunicationTests.xctest; sourceTree = BUILT_PRODUCTS_DIR; };
		F74D5C38235DE83B0006DA38 /* NCCommunicationTests.swift */ = {isa = PBXFileReference; lastKnownFileType = sourcecode.swift; path = NCCommunicationTests.swift; sourceTree = "<group>"; };
		F74D5C44235DE8F80006DA38 /* NCCommunication.swift */ = {isa = PBXFileReference; fileEncoding = 4; lastKnownFileType = sourcecode.swift; path = NCCommunication.swift; sourceTree = "<group>"; };
		F74D5C45235DE8F80006DA38 /* NCCommunicationModel.swift */ = {isa = PBXFileReference; fileEncoding = 4; lastKnownFileType = sourcecode.swift; path = NCCommunicationModel.swift; sourceTree = "<group>"; };
		F74D5C47235DE8F80006DA38 /* NCCommunicationCommon.swift */ = {isa = PBXFileReference; fileEncoding = 4; lastKnownFileType = sourcecode.swift; path = NCCommunicationCommon.swift; sourceTree = "<group>"; };
		F74D5C4E235DE99D0006DA38 /* SwiftyJSON.framework */ = {isa = PBXFileReference; lastKnownFileType = wrapper.framework; name = SwiftyJSON.framework; path = Carthage/Build/iOS/SwiftyJSON.framework; sourceTree = "<group>"; };
		F74D5C4F235DE99D0006DA38 /* SwiftyXMLParser.framework */ = {isa = PBXFileReference; lastKnownFileType = wrapper.framework; name = SwiftyXMLParser.framework; path = Carthage/Build/iOS/SwiftyXMLParser.framework; sourceTree = "<group>"; };
		F74D5C50235DE99D0006DA38 /* Alamofire.framework */ = {isa = PBXFileReference; lastKnownFileType = wrapper.framework; name = Alamofire.framework; path = Carthage/Build/iOS/Alamofire.framework; sourceTree = "<group>"; };
		F754C06D24977C8C00051563 /* NCCommunication+Share.swift */ = {isa = PBXFileReference; lastKnownFileType = sourcecode.swift; path = "NCCommunication+Share.swift"; sourceTree = "<group>"; };
		F76138E9246415BC002C8771 /* NCCommunication+WebDAV.swift */ = {isa = PBXFileReference; lastKnownFileType = sourcecode.swift; path = "NCCommunication+WebDAV.swift"; sourceTree = "<group>"; };
		F7BBDFFF2472F42200C3B0E2 /* NCCommunication+Richdocuments.swift */ = {isa = PBXFileReference; lastKnownFileType = sourcecode.swift; path = "NCCommunication+Richdocuments.swift"; sourceTree = "<group>"; };
		F7D0A5372477C37C002F2164 /* NCCommunication+PushNotification.swift */ = {isa = PBXFileReference; lastKnownFileType = sourcecode.swift; path = "NCCommunication+PushNotification.swift"; sourceTree = "<group>"; };
		F7EC2DDC2372FBC0008E28EF /* NCCommunicationBackground.swift */ = {isa = PBXFileReference; fileEncoding = 4; lastKnownFileType = sourcecode.swift; path = NCCommunicationBackground.swift; sourceTree = "<group>"; };
		F7FE196D23757BEB001465E3 /* NCCommunicationError.swift */ = {isa = PBXFileReference; fileEncoding = 4; lastKnownFileType = sourcecode.swift; path = NCCommunicationError.swift; sourceTree = "<group>"; };
/* End PBXFileReference section */

/* Begin PBXFrameworksBuildPhase section */
		F74D5C27235DE83B0006DA38 /* Frameworks */ = {
			isa = PBXFrameworksBuildPhase;
			buildActionMask = 2147483647;
			files = (
				F79F7E6C253305A60073ADD8 /* SwiftyJSON in Frameworks */,
				F79F7E71253305D90073ADD8 /* SwiftyXMLParser in Frameworks */,
				F79F7E672533056E0073ADD8 /* Alamofire in Frameworks */,
			);
			runOnlyForDeploymentPostprocessing = 0;
		};
		F74D5C30235DE83B0006DA38 /* Frameworks */ = {
			isa = PBXFrameworksBuildPhase;
			buildActionMask = 2147483647;
			files = (
				F74D5C34235DE83B0006DA38 /* NCCommunication.framework in Frameworks */,
			);
			runOnlyForDeploymentPostprocessing = 0;
		};
/* End PBXFrameworksBuildPhase section */

/* Begin PBXGroup section */
		F74D5C20235DE83B0006DA38 = {
			isa = PBXGroup;
			children = (
				F74D5C2C235DE83B0006DA38 /* NCCommunication */,
				F74D5C37235DE83B0006DA38 /* NCCommunicationTests */,
				F74D5C2B235DE83B0006DA38 /* Products */,
				F74D5C4C235DE99D0006DA38 /* Frameworks */,
			);
			sourceTree = "<group>";
		};
		F74D5C2B235DE83B0006DA38 /* Products */ = {
			isa = PBXGroup;
			children = (
				F74D5C2A235DE83B0006DA38 /* NCCommunication.framework */,
				F74D5C33235DE83B0006DA38 /* NCCommunicationTests.xctest */,
			);
			name = Products;
			sourceTree = "<group>";
		};
		F74D5C2C235DE83B0006DA38 /* NCCommunication */ = {
			isa = PBXGroup;
			children = (
				F74D5C2D235DE83B0006DA38 /* NCCommunication.h */,
				F74D5C44235DE8F80006DA38 /* NCCommunication.swift */,
				F74D5C47235DE8F80006DA38 /* NCCommunicationCommon.swift */,
				F74D5C45235DE8F80006DA38 /* NCCommunicationModel.swift */,
				F7FE196D23757BEB001465E3 /* NCCommunicationError.swift */,
				F7EC2DDC2372FBC0008E28EF /* NCCommunicationBackground.swift */,
				F74AA255246404CD00DD13B1 /* NCCommunication+Login.swift */,
				F74AA257246405B200DD13B1 /* NCCommunication+API.swift */,
				F7BBDFFF2472F42200C3B0E2 /* NCCommunication+Richdocuments.swift */,
				F74AA2532464034500DD13B1 /* NCCommunication+NCText.swift */,
				F73B422D24767E0B00A30FD3 /* NCCommunication+Comments.swift */,
				F754C06D24977C8C00051563 /* NCCommunication+Share.swift */,
				F76138E9246415BC002C8771 /* NCCommunication+WebDAV.swift */,
				F7D0A5372477C37C002F2164 /* NCCommunication+PushNotification.swift */,
				F72E160C2478105D00678FBE /* NCCommunication+E2EE.swift */,
			);
			path = NCCommunication;
			sourceTree = "<group>";
		};
		F74D5C37235DE83B0006DA38 /* NCCommunicationTests */ = {
			isa = PBXGroup;
			children = (
				F74D5C38235DE83B0006DA38 /* NCCommunicationTests.swift */,
			);
			path = NCCommunicationTests;
			sourceTree = "<group>";
		};
		F74D5C4C235DE99D0006DA38 /* Frameworks */ = {
			isa = PBXGroup;
			children = (
				F74D5C50235DE99D0006DA38 /* Alamofire.framework */,
				F74D5C4E235DE99D0006DA38 /* SwiftyJSON.framework */,
				F74D5C4F235DE99D0006DA38 /* SwiftyXMLParser.framework */,
			);
			name = Frameworks;
			sourceTree = "<group>";
		};
/* End PBXGroup section */

/* Begin PBXHeadersBuildPhase section */
		F74D5C25235DE83B0006DA38 /* Headers */ = {
			isa = PBXHeadersBuildPhase;
			buildActionMask = 2147483647;
			files = (
				F74D5C3B235DE83B0006DA38 /* NCCommunication.h in Headers */,
			);
			runOnlyForDeploymentPostprocessing = 0;
		};
/* End PBXHeadersBuildPhase section */

/* Begin PBXNativeTarget section */
		F74D5C29235DE83B0006DA38 /* NCCommunication */ = {
			isa = PBXNativeTarget;
			buildConfigurationList = F74D5C3E235DE83B0006DA38 /* Build configuration list for PBXNativeTarget "NCCommunication" */;
			buildPhases = (
				F74D5C25235DE83B0006DA38 /* Headers */,
				F74D5C26235DE83B0006DA38 /* Sources */,
				F74D5C27235DE83B0006DA38 /* Frameworks */,
				F74D5C28235DE83B0006DA38 /* Resources */,
			);
			buildRules = (
			);
			dependencies = (
			);
			name = NCCommunication;
			packageProductDependencies = (
				F79F7E662533056E0073ADD8 /* Alamofire */,
				F79F7E6B253305A60073ADD8 /* SwiftyJSON */,
				F79F7E70253305D90073ADD8 /* SwiftyXMLParser */,
			);
			productName = NCCommunication;
			productReference = F74D5C2A235DE83B0006DA38 /* NCCommunication.framework */;
			productType = "com.apple.product-type.framework";
		};
		F74D5C32235DE83B0006DA38 /* NCCommunicationTests */ = {
			isa = PBXNativeTarget;
			buildConfigurationList = F74D5C41235DE83B0006DA38 /* Build configuration list for PBXNativeTarget "NCCommunicationTests" */;
			buildPhases = (
				F74D5C2F235DE83B0006DA38 /* Sources */,
				F74D5C30235DE83B0006DA38 /* Frameworks */,
				F74D5C31235DE83B0006DA38 /* Resources */,
			);
			buildRules = (
			);
			dependencies = (
				F74D5C36235DE83B0006DA38 /* PBXTargetDependency */,
			);
			name = NCCommunicationTests;
			productName = NCCommunicationTests;
			productReference = F74D5C33235DE83B0006DA38 /* NCCommunicationTests.xctest */;
			productType = "com.apple.product-type.bundle.unit-test";
		};
/* End PBXNativeTarget section */

/* Begin PBXProject section */
		F74D5C21235DE83B0006DA38 /* Project object */ = {
			isa = PBXProject;
			attributes = {
				LastSwiftUpdateCheck = 1110;
				LastUpgradeCheck = 1200;
				ORGANIZATIONNAME = "Marino Faggiana";
				TargetAttributes = {
					F74D5C29235DE83B0006DA38 = {
						CreatedOnToolsVersion = 11.1;
						LastSwiftMigration = 1110;
					};
					F74D5C32235DE83B0006DA38 = {
						CreatedOnToolsVersion = 11.1;
					};
				};
			};
			buildConfigurationList = F74D5C24235DE83B0006DA38 /* Build configuration list for PBXProject "NCCommunication" */;
			compatibilityVersion = "Xcode 9.3";
			developmentRegion = en;
			hasScannedForEncodings = 0;
			knownRegions = (
				en,
				Base,
			);
			mainGroup = F74D5C20235DE83B0006DA38;
			packageReferences = (
				F79F7E652533056E0073ADD8 /* XCRemoteSwiftPackageReference "Alamofire" */,
				F79F7E6A253305A60073ADD8 /* XCRemoteSwiftPackageReference "SwiftyJSON" */,
				F79F7E6F253305D90073ADD8 /* XCRemoteSwiftPackageReference "SwiftyXMLParser" */,
			);
			productRefGroup = F74D5C2B235DE83B0006DA38 /* Products */;
			projectDirPath = "";
			projectRoot = "";
			targets = (
				F74D5C29235DE83B0006DA38 /* NCCommunication */,
				F74D5C32235DE83B0006DA38 /* NCCommunicationTests */,
			);
		};
/* End PBXProject section */

/* Begin PBXResourcesBuildPhase section */
		F74D5C28235DE83B0006DA38 /* Resources */ = {
			isa = PBXResourcesBuildPhase;
			buildActionMask = 2147483647;
			files = (
			);
			runOnlyForDeploymentPostprocessing = 0;
		};
		F74D5C31235DE83B0006DA38 /* Resources */ = {
			isa = PBXResourcesBuildPhase;
			buildActionMask = 2147483647;
			files = (
			);
			runOnlyForDeploymentPostprocessing = 0;
		};
/* End PBXResourcesBuildPhase section */

/* Begin PBXSourcesBuildPhase section */
		F74D5C26235DE83B0006DA38 /* Sources */ = {
			isa = PBXSourcesBuildPhase;
			buildActionMask = 2147483647;
			files = (
				F74AA258246405B200DD13B1 /* NCCommunication+API.swift in Sources */,
				F74D5C48235DE8F80006DA38 /* NCCommunication.swift in Sources */,
				F7BBE0002472F42200C3B0E2 /* NCCommunication+Richdocuments.swift in Sources */,
				F72E160D2478105D00678FBE /* NCCommunication+E2EE.swift in Sources */,
				F74AA2542464034500DD13B1 /* NCCommunication+NCText.swift in Sources */,
				F7EC2DDD2372FBC0008E28EF /* NCCommunicationBackground.swift in Sources */,
				F73B422E24767E0B00A30FD3 /* NCCommunication+Comments.swift in Sources */,
				F7D0A5382477C37C002F2164 /* NCCommunication+PushNotification.swift in Sources */,
				F7FE196E23757BEB001465E3 /* NCCommunicationError.swift in Sources */,
				F754C06E24977C8C00051563 /* NCCommunication+Share.swift in Sources */,
				F74AA256246404CD00DD13B1 /* NCCommunication+Login.swift in Sources */,
				F76138EA246415BC002C8771 /* NCCommunication+WebDAV.swift in Sources */,
				F74D5C4B235DE8F80006DA38 /* NCCommunicationCommon.swift in Sources */,
				F74D5C49235DE8F80006DA38 /* NCCommunicationModel.swift in Sources */,
			);
			runOnlyForDeploymentPostprocessing = 0;
		};
		F74D5C2F235DE83B0006DA38 /* Sources */ = {
			isa = PBXSourcesBuildPhase;
			buildActionMask = 2147483647;
			files = (
				F74D5C39235DE83B0006DA38 /* NCCommunicationTests.swift in Sources */,
			);
			runOnlyForDeploymentPostprocessing = 0;
		};
/* End PBXSourcesBuildPhase section */

/* Begin PBXTargetDependency section */
		F74D5C36235DE83B0006DA38 /* PBXTargetDependency */ = {
			isa = PBXTargetDependency;
			target = F74D5C29235DE83B0006DA38 /* NCCommunication */;
			targetProxy = F74D5C35235DE83B0006DA38 /* PBXContainerItemProxy */;
		};
/* End PBXTargetDependency section */

/* Begin XCBuildConfiguration section */
		F74D5C3C235DE83B0006DA38 /* Debug */ = {
			isa = XCBuildConfiguration;
			buildSettings = {
				ALWAYS_SEARCH_USER_PATHS = NO;
				CLANG_ANALYZER_NONNULL = YES;
				CLANG_ANALYZER_NUMBER_OBJECT_CONVERSION = YES_AGGRESSIVE;
				CLANG_CXX_LANGUAGE_STANDARD = "gnu++14";
				CLANG_CXX_LIBRARY = "libc++";
				CLANG_ENABLE_MODULES = YES;
				CLANG_ENABLE_OBJC_ARC = YES;
				CLANG_ENABLE_OBJC_WEAK = YES;
				CLANG_WARN_BLOCK_CAPTURE_AUTORELEASING = YES;
				CLANG_WARN_BOOL_CONVERSION = YES;
				CLANG_WARN_COMMA = YES;
				CLANG_WARN_CONSTANT_CONVERSION = YES;
				CLANG_WARN_DEPRECATED_OBJC_IMPLEMENTATIONS = YES;
				CLANG_WARN_DIRECT_OBJC_ISA_USAGE = YES_ERROR;
				CLANG_WARN_DOCUMENTATION_COMMENTS = YES;
				CLANG_WARN_EMPTY_BODY = YES;
				CLANG_WARN_ENUM_CONVERSION = YES;
				CLANG_WARN_INFINITE_RECURSION = YES;
				CLANG_WARN_INT_CONVERSION = YES;
				CLANG_WARN_NON_LITERAL_NULL_CONVERSION = YES;
				CLANG_WARN_OBJC_IMPLICIT_RETAIN_SELF = YES;
				CLANG_WARN_OBJC_LITERAL_CONVERSION = YES;
				CLANG_WARN_OBJC_ROOT_CLASS = YES_ERROR;
				CLANG_WARN_QUOTED_INCLUDE_IN_FRAMEWORK_HEADER = YES;
				CLANG_WARN_RANGE_LOOP_ANALYSIS = YES;
				CLANG_WARN_STRICT_PROTOTYPES = YES;
				CLANG_WARN_SUSPICIOUS_MOVE = YES;
				CLANG_WARN_UNGUARDED_AVAILABILITY = YES_AGGRESSIVE;
				CLANG_WARN_UNREACHABLE_CODE = YES;
				CLANG_WARN__DUPLICATE_METHOD_MATCH = YES;
				COPY_PHASE_STRIP = NO;
				CURRENT_PROJECT_VERSION = 1;
				DEBUG_INFORMATION_FORMAT = dwarf;
				ENABLE_STRICT_OBJC_MSGSEND = YES;
				ENABLE_TESTABILITY = YES;
				GCC_C_LANGUAGE_STANDARD = gnu11;
				GCC_DYNAMIC_NO_PIC = NO;
				GCC_NO_COMMON_BLOCKS = YES;
				GCC_OPTIMIZATION_LEVEL = 0;
				GCC_PREPROCESSOR_DEFINITIONS = (
					"DEBUG=1",
					"$(inherited)",
				);
				GCC_WARN_64_TO_32_BIT_CONVERSION = YES;
				GCC_WARN_ABOUT_RETURN_TYPE = YES_ERROR;
				GCC_WARN_UNDECLARED_SELECTOR = YES;
				GCC_WARN_UNINITIALIZED_AUTOS = YES_AGGRESSIVE;
				GCC_WARN_UNUSED_FUNCTION = YES;
				GCC_WARN_UNUSED_VARIABLE = YES;
				IPHONEOS_DEPLOYMENT_TARGET = 10.0;
				MTL_ENABLE_DEBUG_INFO = INCLUDE_SOURCE;
				MTL_FAST_MATH = YES;
				ONLY_ACTIVE_ARCH = YES;
				SDKROOT = iphoneos;
				SWIFT_ACTIVE_COMPILATION_CONDITIONS = DEBUG;
				SWIFT_OPTIMIZATION_LEVEL = "-Onone";
				VERSIONING_SYSTEM = "apple-generic";
				VERSION_INFO_PREFIX = "";
			};
			name = Debug;
		};
		F74D5C3D235DE83B0006DA38 /* Release */ = {
			isa = XCBuildConfiguration;
			buildSettings = {
				ALWAYS_SEARCH_USER_PATHS = NO;
				CLANG_ANALYZER_NONNULL = YES;
				CLANG_ANALYZER_NUMBER_OBJECT_CONVERSION = YES_AGGRESSIVE;
				CLANG_CXX_LANGUAGE_STANDARD = "gnu++14";
				CLANG_CXX_LIBRARY = "libc++";
				CLANG_ENABLE_MODULES = YES;
				CLANG_ENABLE_OBJC_ARC = YES;
				CLANG_ENABLE_OBJC_WEAK = YES;
				CLANG_WARN_BLOCK_CAPTURE_AUTORELEASING = YES;
				CLANG_WARN_BOOL_CONVERSION = YES;
				CLANG_WARN_COMMA = YES;
				CLANG_WARN_CONSTANT_CONVERSION = YES;
				CLANG_WARN_DEPRECATED_OBJC_IMPLEMENTATIONS = YES;
				CLANG_WARN_DIRECT_OBJC_ISA_USAGE = YES_ERROR;
				CLANG_WARN_DOCUMENTATION_COMMENTS = YES;
				CLANG_WARN_EMPTY_BODY = YES;
				CLANG_WARN_ENUM_CONVERSION = YES;
				CLANG_WARN_INFINITE_RECURSION = YES;
				CLANG_WARN_INT_CONVERSION = YES;
				CLANG_WARN_NON_LITERAL_NULL_CONVERSION = YES;
				CLANG_WARN_OBJC_IMPLICIT_RETAIN_SELF = YES;
				CLANG_WARN_OBJC_LITERAL_CONVERSION = YES;
				CLANG_WARN_OBJC_ROOT_CLASS = YES_ERROR;
				CLANG_WARN_QUOTED_INCLUDE_IN_FRAMEWORK_HEADER = YES;
				CLANG_WARN_RANGE_LOOP_ANALYSIS = YES;
				CLANG_WARN_STRICT_PROTOTYPES = YES;
				CLANG_WARN_SUSPICIOUS_MOVE = YES;
				CLANG_WARN_UNGUARDED_AVAILABILITY = YES_AGGRESSIVE;
				CLANG_WARN_UNREACHABLE_CODE = YES;
				CLANG_WARN__DUPLICATE_METHOD_MATCH = YES;
				COPY_PHASE_STRIP = NO;
				CURRENT_PROJECT_VERSION = 1;
				DEBUG_INFORMATION_FORMAT = "dwarf-with-dsym";
				ENABLE_NS_ASSERTIONS = NO;
				ENABLE_STRICT_OBJC_MSGSEND = YES;
				GCC_C_LANGUAGE_STANDARD = gnu11;
				GCC_NO_COMMON_BLOCKS = YES;
				GCC_WARN_64_TO_32_BIT_CONVERSION = YES;
				GCC_WARN_ABOUT_RETURN_TYPE = YES_ERROR;
				GCC_WARN_UNDECLARED_SELECTOR = YES;
				GCC_WARN_UNINITIALIZED_AUTOS = YES_AGGRESSIVE;
				GCC_WARN_UNUSED_FUNCTION = YES;
				GCC_WARN_UNUSED_VARIABLE = YES;
				IPHONEOS_DEPLOYMENT_TARGET = 10.0;
				MTL_ENABLE_DEBUG_INFO = NO;
				MTL_FAST_MATH = YES;
				SDKROOT = iphoneos;
				SWIFT_COMPILATION_MODE = wholemodule;
				SWIFT_OPTIMIZATION_LEVEL = "-O";
				VALIDATE_PRODUCT = YES;
				VERSIONING_SYSTEM = "apple-generic";
				VERSION_INFO_PREFIX = "";
			};
			name = Release;
		};
		F74D5C3F235DE83B0006DA38 /* Debug */ = {
			isa = XCBuildConfiguration;
			buildSettings = {
				APPLICATION_EXTENSION_API_ONLY = YES;
				CLANG_ENABLE_MODULES = YES;
				CODE_SIGN_STYLE = Manual;
				CURRENT_PROJECT_VERSION = 0;
				DEFINES_MODULE = YES;
				DEVELOPMENT_TEAM = "";
				DYLIB_COMPATIBILITY_VERSION = 1;
				DYLIB_CURRENT_VERSION = 1;
				DYLIB_INSTALL_NAME_BASE = "@rpath";
				FRAMEWORK_SEARCH_PATHS = "$(inherited)";
				INFOPLIST_FILE = "Supporting Files/NCCommunication.plist";
				INFOPLIST_OUTPUT_FORMAT = "same-as-input";
				INSTALL_PATH = "$(LOCAL_LIBRARY_DIR)/Frameworks";
				LD_RUNPATH_SEARCH_PATHS = (
					"$(inherited)",
					"@executable_path/Frameworks",
					"@loader_path/Frameworks",
				);
				MARKETING_VERSION = 0.83.0;
				PLIST_FILE_OUTPUT_FORMAT = "same-as-input";
				PRODUCT_BUNDLE_IDENTIFIER = it.twsweb.NCCommunication;
				PRODUCT_NAME = "$(TARGET_NAME:c99extidentifier)";
				PROVISIONING_PROFILE_SPECIFIER = "";
				"PROVISIONING_PROFILE_SPECIFIER[sdk=macosx*]" = "";
				SKIP_INSTALL = YES;
				STRINGS_FILE_OUTPUT_ENCODING = "UTF-16";
				SWIFT_OPTIMIZATION_LEVEL = "-Onone";
				SWIFT_VERSION = 5.0;
				TARGETED_DEVICE_FAMILY = "1,2";
			};
			name = Debug;
		};
		F74D5C40235DE83B0006DA38 /* Release */ = {
			isa = XCBuildConfiguration;
			buildSettings = {
				APPLICATION_EXTENSION_API_ONLY = YES;
				CLANG_ENABLE_MODULES = YES;
				CODE_SIGN_STYLE = Manual;
				CURRENT_PROJECT_VERSION = 0;
				DEFINES_MODULE = YES;
				DEVELOPMENT_TEAM = "";
				DYLIB_COMPATIBILITY_VERSION = 1;
				DYLIB_CURRENT_VERSION = 1;
				DYLIB_INSTALL_NAME_BASE = "@rpath";
				FRAMEWORK_SEARCH_PATHS = "$(inherited)";
				INFOPLIST_FILE = "Supporting Files/NCCommunication.plist";
				INFOPLIST_OUTPUT_FORMAT = "same-as-input";
				INSTALL_PATH = "$(LOCAL_LIBRARY_DIR)/Frameworks";
				LD_RUNPATH_SEARCH_PATHS = (
					"$(inherited)",
					"@executable_path/Frameworks",
					"@loader_path/Frameworks",
				);
				MARKETING_VERSION = 0.83.0;
				PLIST_FILE_OUTPUT_FORMAT = "same-as-input";
				PRODUCT_BUNDLE_IDENTIFIER = it.twsweb.NCCommunication;
				PRODUCT_NAME = "$(TARGET_NAME:c99extidentifier)";
				PROVISIONING_PROFILE_SPECIFIER = "";
				"PROVISIONING_PROFILE_SPECIFIER[sdk=macosx*]" = "";
				SKIP_INSTALL = YES;
				STRINGS_FILE_OUTPUT_ENCODING = "UTF-16";
				SWIFT_VERSION = 5.0;
				TARGETED_DEVICE_FAMILY = "1,2";
			};
			name = Release;
		};
		F74D5C42235DE83B0006DA38 /* Debug */ = {
			isa = XCBuildConfiguration;
			buildSettings = {
				ALWAYS_EMBED_SWIFT_STANDARD_LIBRARIES = YES;
				CODE_SIGN_STYLE = Automatic;
				DEVELOPMENT_TEAM = 6JLRKY9ZV7;
				INFOPLIST_FILE = "Supporting Files/NCCommunicationTests.plist";
				LD_RUNPATH_SEARCH_PATHS = (
					"$(inherited)",
					"@executable_path/Frameworks",
					"@loader_path/Frameworks",
				);
				PRODUCT_BUNDLE_IDENTIFIER = it.twsweb.NCCommunicationTests;
				PRODUCT_NAME = "$(TARGET_NAME)";
				SWIFT_VERSION = 5.0;
				TARGETED_DEVICE_FAMILY = "1,2";
			};
			name = Debug;
		};
		F74D5C43235DE83B0006DA38 /* Release */ = {
			isa = XCBuildConfiguration;
			buildSettings = {
				ALWAYS_EMBED_SWIFT_STANDARD_LIBRARIES = YES;
				CODE_SIGN_STYLE = Automatic;
				DEVELOPMENT_TEAM = 6JLRKY9ZV7;
				INFOPLIST_FILE = "Supporting Files/NCCommunicationTests.plist";
				LD_RUNPATH_SEARCH_PATHS = (
					"$(inherited)",
					"@executable_path/Frameworks",
					"@loader_path/Frameworks",
				);
				PRODUCT_BUNDLE_IDENTIFIER = it.twsweb.NCCommunicationTests;
				PRODUCT_NAME = "$(TARGET_NAME)";
				SWIFT_VERSION = 5.0;
				TARGETED_DEVICE_FAMILY = "1,2";
			};
			name = Release;
		};
/* End XCBuildConfiguration section */

/* Begin XCConfigurationList section */
		F74D5C24235DE83B0006DA38 /* Build configuration list for PBXProject "NCCommunication" */ = {
			isa = XCConfigurationList;
			buildConfigurations = (
				F74D5C3C235DE83B0006DA38 /* Debug */,
				F74D5C3D235DE83B0006DA38 /* Release */,
			);
			defaultConfigurationIsVisible = 0;
			defaultConfigurationName = Release;
		};
		F74D5C3E235DE83B0006DA38 /* Build configuration list for PBXNativeTarget "NCCommunication" */ = {
			isa = XCConfigurationList;
			buildConfigurations = (
				F74D5C3F235DE83B0006DA38 /* Debug */,
				F74D5C40235DE83B0006DA38 /* Release */,
			);
			defaultConfigurationIsVisible = 0;
			defaultConfigurationName = Release;
		};
		F74D5C41235DE83B0006DA38 /* Build configuration list for PBXNativeTarget "NCCommunicationTests" */ = {
			isa = XCConfigurationList;
			buildConfigurations = (
				F74D5C42235DE83B0006DA38 /* Debug */,
				F74D5C43235DE83B0006DA38 /* Release */,
			);
			defaultConfigurationIsVisible = 0;
			defaultConfigurationName = Release;
		};
/* End XCConfigurationList section */

/* Begin XCRemoteSwiftPackageReference section */
		F79F7E652533056E0073ADD8 /* XCRemoteSwiftPackageReference "Alamofire" */ = {
			isa = XCRemoteSwiftPackageReference;
			repositoryURL = "https://github.com/Alamofire/Alamofire";
			requirement = {
				kind = upToNextMajorVersion;
				minimumVersion = 5.2.2;
			};
		};
		F79F7E6A253305A60073ADD8 /* XCRemoteSwiftPackageReference "SwiftyJSON" */ = {
			isa = XCRemoteSwiftPackageReference;
			repositoryURL = "https://github.com/SwiftyJSON/SwiftyJSON";
			requirement = {
				kind = upToNextMajorVersion;
				minimumVersion = 5.0.0;
			};
		};
		F79F7E6F253305D90073ADD8 /* XCRemoteSwiftPackageReference "SwiftyXMLParser" */ = {
			isa = XCRemoteSwiftPackageReference;
			repositoryURL = "https://github.com/yahoojapan/SwiftyXMLParser";
			requirement = {
				kind = upToNextMajorVersion;
				minimumVersion = 5.2.1;
			};
		};
/* End XCRemoteSwiftPackageReference section */

/* Begin XCSwiftPackageProductDependency section */
		F79F7E662533056E0073ADD8 /* Alamofire */ = {
			isa = XCSwiftPackageProductDependency;
			package = F79F7E652533056E0073ADD8 /* XCRemoteSwiftPackageReference "Alamofire" */;
			productName = Alamofire;
		};
		F79F7E6B253305A60073ADD8 /* SwiftyJSON */ = {
			isa = XCSwiftPackageProductDependency;
			package = F79F7E6A253305A60073ADD8 /* XCRemoteSwiftPackageReference "SwiftyJSON" */;
			productName = SwiftyJSON;
		};
		F79F7E70253305D90073ADD8 /* SwiftyXMLParser */ = {
			isa = XCSwiftPackageProductDependency;
			package = F79F7E6F253305D90073ADD8 /* XCRemoteSwiftPackageReference "SwiftyXMLParser" */;
			productName = SwiftyXMLParser;
		};
/* End XCSwiftPackageProductDependency section */
	};
	rootObject = F74D5C21235DE83B0006DA38 /* Project object */;
}
